
Microsoft Visual Studio Solution File, Format Version 12.00
# Visual Studio Version 17
VisualStudioVersion = 17.14.36221.1 d17.14
MinimumVisualStudioVersion = 10.0.40219.1
Project("{FAE04EC0-301F-11D3-BF4B-00C04F79EFBC}") = "ETicaretAPI.API", "ETicaretAPI.API\ETicaretAPI.API.csproj", "{6F2004D3-22A5-4E7B-823D-52CD3187178E}"
EndProject
Global
	GlobalSection(SolutionConfigurationPlatforms) = preSolution
		Debug|Any CPU = Debug|Any CPU
		Release|Any CPU = Release|Any CPU
	EndGlobalSection
	GlobalSection(ProjectConfigurationPlatforms) = postSolution
		{6F2004D3-22A5-4E7B-823D-52CD3187178E}.Debug|Any CPU.ActiveCfg = Debug|Any CPU
		{6F2004D3-22A5-4E7B-823D-52CD3187178E}.Debug|Any CPU.Build.0 = Debug|Any CPU
		{6F2004D3-22A5-4E7B-823D-52CD3187178E}.Release|Any CPU.ActiveCfg = Release|Any CPU
		{6F2004D3-22A5-4E7B-823D-52CD3187178E}.Release|Any CPU.Build.0 = Release|Any CPU
	EndGlobalSection
	GlobalSection(SolutionProperties) = preSolution
		HideSolutionNode = FALSE
	EndGlobalSection
	GlobalSection(ExtensibilityGlobals) = postSolution
		SolutionGuid = {6539010B-DD23-44C2-92D0-4A00F4C30772}
	EndGlobalSection
EndGlobal
